
Microsoft Visual Studio Solution File, Format Version 12.00
# Visual Studio Version 17
VisualStudioVersion = 17.0.31903.59
MinimumVisualStudioVersion = 10.0.40219.1
Project("{FAE04EC0-301F-11D3-BF4B-00C04F79EFBC}") = "BookList.Data", "BookList.Data\BookList.Data.csproj", "{44136B4A-A8B5-4D5B-A7D1-B48C91A32E07}"
EndProject
Project("{FAE04EC0-301F-11D3-BF4B-00C04F79EFBC}") = "BookList.DomainService", "BookList.DomainService\BookList.DomainService.csproj", "{76943FD9-2B57-43F4-8966-055126EF9EBD}"
EndProject
Project("{FAE04EC0-301F-11D3-BF4B-00C04F79EFBC}") = "BookList.API", "BookList.API\BookList.API.csproj", "{5C769392-E5A6-4213-BC6D-5BC52594F7D3}"
EndProject
Global
	GlobalSection(SolutionConfigurationPlatforms) = preSolution
		Debug|Any CPU = Debug|Any CPU
		Release|Any CPU = Release|Any CPU
	EndGlobalSection
	GlobalSection(ProjectConfigurationPlatforms) = postSolution
		{44136B4A-A8B5-4D5B-A7D1-B48C91A32E07}.Debug|Any CPU.ActiveCfg = Debug|Any CPU
		{44136B4A-A8B5-4D5B-A7D1-B48C91A32E07}.Debug|Any CPU.Build.0 = Debug|Any CPU
		{44136B4A-A8B5-4D5B-A7D1-B48C91A32E07}.Release|Any CPU.ActiveCfg = Release|Any CPU
		{44136B4A-A8B5-4D5B-A7D1-B48C91A32E07}.Release|Any CPU.Build.0 = Release|Any CPU
		{76943FD9-2B57-43F4-8966-055126EF9EBD}.Debug|Any CPU.ActiveCfg = Debug|Any CPU
		{76943FD9-2B57-43F4-8966-055126EF9EBD}.Debug|Any CPU.Build.0 = Debug|Any CPU
		{76943FD9-2B57-43F4-8966-055126EF9EBD}.Release|Any CPU.ActiveCfg = Release|Any CPU
		{76943FD9-2B57-43F4-8966-055126EF9EBD}.Release|Any CPU.Build.0 = Release|Any CPU
		{5C769392-E5A6-4213-BC6D-5BC52594F7D3}.Debug|Any CPU.ActiveCfg = Debug|Any CPU
		{5C769392-E5A6-4213-BC6D-5BC52594F7D3}.Debug|Any CPU.Build.0 = Debug|Any CPU
		{5C769392-E5A6-4213-BC6D-5BC52594F7D3}.Release|Any CPU.ActiveCfg = Release|Any CPU
		{5C769392-E5A6-4213-BC6D-5BC52594F7D3}.Release|Any CPU.Build.0 = Release|Any CPU
	EndGlobalSection
	GlobalSection(SolutionProperties) = preSolution
		HideSolutionNode = FALSE
	EndGlobalSection
EndGlobal
